
Microsoft Visual Studio Solution File, Format Version 12.00
# Visual Studio 15
VisualStudioVersion = 15.0.27130.2027
MinimumVisualStudioVersion = 10.0.40219.1
Project("{9092AA53-FB77-4645-B42D-1CCCA6BD08BD}") = "draftex", "draftex.njsproj", "{CE03680B-8BA0-4BD8-BDC3-F7B9521B8EE7}"
EndProject
Global
	GlobalSection(SolutionConfigurationPlatforms) = preSolution
		Debug|Any CPU = Debug|Any CPU
		Release|Any CPU = Release|Any CPU
	EndGlobalSection
	GlobalSection(ProjectConfigurationPlatforms) = postSolution
		{CE03680B-8BA0-4BD8-BDC3-F7B9521B8EE7}.Debug|Any CPU.ActiveCfg = Debug|Any CPU
		{CE03680B-8BA0-4BD8-BDC3-F7B9521B8EE7}.Debug|Any CPU.Build.0 = Debug|Any CPU
		{CE03680B-8BA0-4BD8-BDC3-F7B9521B8EE7}.Release|Any CPU.ActiveCfg = Release|Any CPU
		{CE03680B-8BA0-4BD8-BDC3-F7B9521B8EE7}.Release|Any CPU.Build.0 = Release|Any CPU
	EndGlobalSection
	GlobalSection(SolutionProperties) = preSolution
		HideSolutionNode = FALSE
	EndGlobalSection
	GlobalSection(ExtensibilityGlobals) = postSolution
		SolutionGuid = {1F7D9506-7C64-482F-ADD3-C1C5398016F4}
	EndGlobalSection
EndGlobal
