
Microsoft Visual Studio Solution File, Format Version 12.00
# Visual Studio 15
VisualStudioVersion = 15.0.27520.0
MinimumVisualStudioVersion = 10.0.40219.1
Project("{8BC9CEB8-8B4A-11D0-8D11-00A0C91BC942}") = "draftex", "draftex.vcxproj", "{2DDACE36-E268-4334-B8D6-28C598B9142F}"
	ProjectSection(ProjectDependencies) = postProject
		{EECDBE60-E01B-45D4-8449-23AFDDA138EF} = {EECDBE60-E01B-45D4-8449-23AFDDA138EF}
	EndProjectSection
EndProject
Project("{8BC9CEB8-8B4A-11D0-8D11-00A0C91BC942}") = "oui", "oui\oui.vcxproj", "{EECDBE60-E01B-45D4-8449-23AFDDA138EF}"
EndProject
Global
	GlobalSection(SolutionConfigurationPlatforms) = preSolution
		Debug|x64 = Debug|x64
		Debug|x86 = Debug|x86
		Release|x64 = Release|x64
		Release|x86 = Release|x86
	EndGlobalSection
	GlobalSection(ProjectConfigurationPlatforms) = postSolution
		{2DDACE36-E268-4334-B8D6-28C598B9142F}.Debug|x64.ActiveCfg = Debug|x64
		{2DDACE36-E268-4334-B8D6-28C598B9142F}.Debug|x64.Build.0 = Debug|x64
		{2DDACE36-E268-4334-B8D6-28C598B9142F}.Debug|x86.ActiveCfg = Debug|Win32
		{2DDACE36-E268-4334-B8D6-28C598B9142F}.Debug|x86.Build.0 = Debug|Win32
		{2DDACE36-E268-4334-B8D6-28C598B9142F}.Release|x64.ActiveCfg = Release|x64
		{2DDACE36-E268-4334-B8D6-28C598B9142F}.Release|x64.Build.0 = Release|x64
		{2DDACE36-E268-4334-B8D6-28C598B9142F}.Release|x86.ActiveCfg = Release|Win32
		{2DDACE36-E268-4334-B8D6-28C598B9142F}.Release|x86.Build.0 = Release|Win32
		{EECDBE60-E01B-45D4-8449-23AFDDA138EF}.Debug|x64.ActiveCfg = Debug|x64
		{EECDBE60-E01B-45D4-8449-23AFDDA138EF}.Debug|x64.Build.0 = Debug|x64
		{EECDBE60-E01B-45D4-8449-23AFDDA138EF}.Debug|x86.ActiveCfg = Debug|Win32
		{EECDBE60-E01B-45D4-8449-23AFDDA138EF}.Debug|x86.Build.0 = Debug|Win32
		{EECDBE60-E01B-45D4-8449-23AFDDA138EF}.Release|x64.ActiveCfg = Release|x64
		{EECDBE60-E01B-45D4-8449-23AFDDA138EF}.Release|x64.Build.0 = Release|x64
		{EECDBE60-E01B-45D4-8449-23AFDDA138EF}.Release|x86.ActiveCfg = Release|Win32
		{EECDBE60-E01B-45D4-8449-23AFDDA138EF}.Release|x86.Build.0 = Release|Win32
	EndGlobalSection
	GlobalSection(SolutionProperties) = preSolution
		HideSolutionNode = FALSE
	EndGlobalSection
	GlobalSection(ExtensibilityGlobals) = postSolution
		SolutionGuid = {ADE3CF66-8E10-4B30-BC76-4439DB417F5E}
	EndGlobalSection
EndGlobal
